
Microsoft Visual Studio Solution File, Format Version 12.00
# Visual Studio Version 17
VisualStudioVersion = 17.4.33213.308
MinimumVisualStudioVersion = 10.0.40219.1
Project("{FAE04EC0-301F-11D3-BF4B-00C04F79EFBC}") = "LOV_Tusk_1", "LOV_Tusk_1\LOV_Tusk_1.csproj", "{46C8E04D-F1DC-49CB-9265-11DB0719A6A1}"
EndProject
Project("{FAE04EC0-301F-11D3-BF4B-00C04F79EFBC}") = "LOV_Tusk_2", "LOV_Tusk_2\LOV_Tusk_2.csproj", "{21305F14-F94B-477F-ABFE-60D36E3FF1F4}"
EndProject
Project("{FAE04EC0-301F-11D3-BF4B-00C04F79EFBC}") = "LOV_Tusk_3", "LOV_Tusk_3\LOV_Tusk_3.csproj", "{FF460A25-A4AA-448B-AA8F-27B4417015CC}"
EndProject
Project("{FAE04EC0-301F-11D3-BF4B-00C04F79EFBC}") = "LOV_Tusk_4", "LOV_Tusk_4\LOV_Tusk_4.csproj", "{3A46198D-4836-4F67-8557-9187B851B71B}"
EndProject
Project("{FAE04EC0-301F-11D3-BF4B-00C04F79EFBC}") = "LOV_Tusk_5", "LOV_Tusk_5\LOV_Tusk_5.csproj", "{A83E2222-C049-4A68-A05E-D55D573C7210}"
EndProject
Project("{FAE04EC0-301F-11D3-BF4B-00C04F79EFBC}") = "LOV_Tusk_6", "LOV_Tusk_6\LOV_Tusk_6.csproj", "{D40BAC50-CB1D-473C-A625-965D14FB0FC4}"
EndProject
Project("{FAE04EC0-301F-11D3-BF4B-00C04F79EFBC}") = "LOV_Tusk_7", "LOV_Tusk_7\LOV_Tusk_7.csproj", "{71C533BD-C480-404A-BA38-97463E566F61}"
EndProject
Global
	GlobalSection(SolutionConfigurationPlatforms) = preSolution
		Debug|Any CPU = Debug|Any CPU
		Release|Any CPU = Release|Any CPU
	EndGlobalSection
	GlobalSection(ProjectConfigurationPlatforms) = postSolution
		{46C8E04D-F1DC-49CB-9265-11DB0719A6A1}.Debug|Any CPU.ActiveCfg = Debug|Any CPU
		{46C8E04D-F1DC-49CB-9265-11DB0719A6A1}.Debug|Any CPU.Build.0 = Debug|Any CPU
		{46C8E04D-F1DC-49CB-9265-11DB0719A6A1}.Release|Any CPU.ActiveCfg = Release|Any CPU
		{46C8E04D-F1DC-49CB-9265-11DB0719A6A1}.Release|Any CPU.Build.0 = Release|Any CPU
		{21305F14-F94B-477F-ABFE-60D36E3FF1F4}.Debug|Any CPU.ActiveCfg = Debug|Any CPU
		{21305F14-F94B-477F-ABFE-60D36E3FF1F4}.Debug|Any CPU.Build.0 = Debug|Any CPU
		{21305F14-F94B-477F-ABFE-60D36E3FF1F4}.Release|Any CPU.ActiveCfg = Release|Any CPU
		{21305F14-F94B-477F-ABFE-60D36E3FF1F4}.Release|Any CPU.Build.0 = Release|Any CPU
		{FF460A25-A4AA-448B-AA8F-27B4417015CC}.Debug|Any CPU.ActiveCfg = Debug|Any CPU
		{FF460A25-A4AA-448B-AA8F-27B4417015CC}.Debug|Any CPU.Build.0 = Debug|Any CPU
		{FF460A25-A4AA-448B-AA8F-27B4417015CC}.Release|Any CPU.ActiveCfg = Release|Any CPU
		{FF460A25-A4AA-448B-AA8F-27B4417015CC}.Release|Any CPU.Build.0 = Release|Any CPU
		{3A46198D-4836-4F67-8557-9187B851B71B}.Debug|Any CPU.ActiveCfg = Debug|Any CPU
		{3A46198D-4836-4F67-8557-9187B851B71B}.Debug|Any CPU.Build.0 = Debug|Any CPU
		{3A46198D-4836-4F67-8557-9187B851B71B}.Release|Any CPU.ActiveCfg = Release|Any CPU
		{3A46198D-4836-4F67-8557-9187B851B71B}.Release|Any CPU.Build.0 = Release|Any CPU
		{A83E2222-C049-4A68-A05E-D55D573C7210}.Debug|Any CPU.ActiveCfg = Debug|Any CPU
		{A83E2222-C049-4A68-A05E-D55D573C7210}.Debug|Any CPU.Build.0 = Debug|Any CPU
		{A83E2222-C049-4A68-A05E-D55D573C7210}.Release|Any CPU.ActiveCfg = Release|Any CPU
		{A83E2222-C049-4A68-A05E-D55D573C7210}.Release|Any CPU.Build.0 = Release|Any CPU
		{D40BAC50-CB1D-473C-A625-965D14FB0FC4}.Debug|Any CPU.ActiveCfg = Debug|Any CPU
		{D40BAC50-CB1D-473C-A625-965D14FB0FC4}.Debug|Any CPU.Build.0 = Debug|Any CPU
		{D40BAC50-CB1D-473C-A625-965D14FB0FC4}.Release|Any CPU.ActiveCfg = Release|Any CPU
		{D40BAC50-CB1D-473C-A625-965D14FB0FC4}.Release|Any CPU.Build.0 = Release|Any CPU
		{71C533BD-C480-404A-BA38-97463E566F61}.Debug|Any CPU.ActiveCfg = Debug|Any CPU
		{71C533BD-C480-404A-BA38-97463E566F61}.Debug|Any CPU.Build.0 = Debug|Any CPU
		{71C533BD-C480-404A-BA38-97463E566F61}.Release|Any CPU.ActiveCfg = Release|Any CPU
		{71C533BD-C480-404A-BA38-97463E566F61}.Release|Any CPU.Build.0 = Release|Any CPU
	EndGlobalSection
	GlobalSection(SolutionProperties) = preSolution
		HideSolutionNode = FALSE
	EndGlobalSection
	GlobalSection(ExtensibilityGlobals) = postSolution
		SolutionGuid = {6BC2D780-1A3E-4B98-B16B-D271A4F64439}
	EndGlobalSection
EndGlobal
